
Microsoft Visual Studio Solution File, Format Version 12.00
# Visual Studio Version 17
VisualStudioVersion = 17.3.32922.545
MinimumVisualStudioVersion = 10.0.40219.1
Project("{FAE04EC0-301F-11D3-BF4B-00C04F79EFBC}") = "HNTopAPI", "HNTopAPI.csproj", "{89F721C0-401F-4AD6-A442-A6DC0CA66AA7}"
EndProject
Global
	GlobalSection(SolutionConfigurationPlatforms) = preSolution
		Debug|Any CPU = Debug|Any CPU
		Release|Any CPU = Release|Any CPU
	EndGlobalSection
	GlobalSection(ProjectConfigurationPlatforms) = postSolution
		{89F721C0-401F-4AD6-A442-A6DC0CA66AA7}.Debug|Any CPU.ActiveCfg = Debug|Any CPU
		{89F721C0-401F-4AD6-A442-A6DC0CA66AA7}.Debug|Any CPU.Build.0 = Debug|Any CPU
		{89F721C0-401F-4AD6-A442-A6DC0CA66AA7}.Release|Any CPU.ActiveCfg = Release|Any CPU
		{89F721C0-401F-4AD6-A442-A6DC0CA66AA7}.Release|Any CPU.Build.0 = Release|Any CPU
	EndGlobalSection
	GlobalSection(SolutionProperties) = preSolution
		HideSolutionNode = FALSE
	EndGlobalSection
	GlobalSection(ExtensibilityGlobals) = postSolution
		SolutionGuid = {E70EAB5D-FED8-49DB-86B4-93C452175B82}
	EndGlobalSection
EndGlobal
